// !$*UTF8*$!
{
	archiveVersion = 1;
	classes = {
	};
	objectVersion = 56;
	objects = {

/* Begin PBXBuildFile section */
		0034FAEF2BCC9AA200D932F3 /* ProfileViewController.swift in Sources */ = {isa = PBXBuildFile; fileRef = 0034FAEE2BCC9AA200D932F3 /* ProfileViewController.swift */; };
		0034FAF12BCC9DBC00D932F3 /* ProfileViewModel.swift in Sources */ = {isa = PBXBuildFile; fileRef = 0034FAF02BCC9DBC00D932F3 /* ProfileViewModel.swift */; };
		0034FAF62BCC9F1200D932F3 /* SettingsViewController.swift in Sources */ = {isa = PBXBuildFile; fileRef = 0034FAF52BCC9F1200D932F3 /* SettingsViewController.swift */; };
		0034FAF82BCC9F5400D932F3 /* SettingsViewModel.swift in Sources */ = {isa = PBXBuildFile; fileRef = 0034FAF72BCC9F5400D932F3 /* SettingsViewModel.swift */; };
		0034FAFA2BCCA19E00D932F3 /* WithdrawalModel.swift in Sources */ = {isa = PBXBuildFile; fileRef = 0034FAF92BCCA19E00D932F3 /* WithdrawalModel.swift */; };
		0049D87F2BC96B4800F59852 /* AppDelegate.swift in Sources */ = {isa = PBXBuildFile; fileRef = 0049D87E2BC96B4800F59852 /* AppDelegate.swift */; };
		0049D8812BC96B4800F59852 /* SceneDelegate.swift in Sources */ = {isa = PBXBuildFile; fileRef = 0049D8802BC96B4800F59852 /* SceneDelegate.swift */; };
		0049D8882BC96B4900F59852 /* Assets.xcassets in Resources */ = {isa = PBXBuildFile; fileRef = 0049D8872BC96B4900F59852 /* Assets.xcassets */; };
		0049D88B2BC96B4900F59852 /* LaunchScreen.storyboard in Resources */ = {isa = PBXBuildFile; fileRef = 0049D8892BC96B4900F59852 /* LaunchScreen.storyboard */; };
		00AA9A792BCC24B90069C55C /* HomeTabBarViewController.swift in Sources */ = {isa = PBXBuildFile; fileRef = 00AA9A782BCC24B90069C55C /* HomeTabBarViewController.swift */; };
		00AA9A7B2BCC25C90069C55C /* UserDefaults+Extensions.swift in Sources */ = {isa = PBXBuildFile; fileRef = 00AA9A7A2BCC25C90069C55C /* UserDefaults+Extensions.swift */; };
		00AFF5FC2BCD1274006D319A /* HomeViewModel.swift in Sources */ = {isa = PBXBuildFile; fileRef = 00AFF5FB2BCD1274006D319A /* HomeViewModel.swift */; };
		00AFF5FE2BCD1418006D319A /* UICollectionViewConfiguration.swift in Sources */ = {isa = PBXBuildFile; fileRef = 00AFF5FD2BCD1418006D319A /* UICollectionViewConfiguration.swift */; };
		00AFF6002BCD14D3006D319A /* HomeCollectionViewCell.swift in Sources */ = {isa = PBXBuildFile; fileRef = 00AFF5FF2BCD14D3006D319A /* HomeCollectionViewCell.swift */; };
		00AFF6022BCD152E006D319A /* CellIdentifiable.swift in Sources */ = {isa = PBXBuildFile; fileRef = 00AFF6012BCD152E006D319A /* CellIdentifiable.swift */; };
		00AFF6042BCD155E006D319A /* UICollectionViewCell+Extensions.swift in Sources */ = {isa = PBXBuildFile; fileRef = 00AFF6032BCD155E006D319A /* UICollectionViewCell+Extensions.swift */; };
		00AFF6062BCD15B7006D319A /* UICollectionViewCellConfiguration.swift in Sources */ = {isa = PBXBuildFile; fileRef = 00AFF6052BCD15B7006D319A /* UICollectionViewCellConfiguration.swift */; };
		00AFF6092BCD2AAD006D319A /* HomeCollectionViewCellTopView.swift in Sources */ = {isa = PBXBuildFile; fileRef = 00AFF6082BCD2AAD006D319A /* HomeCollectionViewCellTopView.swift */; };
		00AFF60B2BCD2CA5006D319A /* HomeCollectionViewCellIconView.swift in Sources */ = {isa = PBXBuildFile; fileRef = 00AFF60A2BCD2CA5006D319A /* HomeCollectionViewCellIconView.swift */; };
		00AFF60D2BCD2CE0006D319A /* UIViewConfiguration.swift in Sources */ = {isa = PBXBuildFile; fileRef = 00AFF60C2BCD2CE0006D319A /* UIViewConfiguration.swift */; };
		00AFF6102BCD5868006D319A /* IconLablelStackView.swift in Sources */ = {isa = PBXBuildFile; fileRef = 00AFF60F2BCD5868006D319A /* IconLablelStackView.swift */; };
		00AFF6152BCD5C84006D319A /* HomeCollectionViewCellBottomView.swift in Sources */ = {isa = PBXBuildFile; fileRef = 00AFF6142BCD5C84006D319A /* HomeCollectionViewCellBottomView.swift */; };
		00B7C3EF2BCA5A42009AC333 /* APIKeys.swift in Sources */ = {isa = PBXBuildFile; fileRef = 00B7C3EE2BCA5A42009AC333 /* APIKeys.swift */; };
		00B7C3F12BCA5BE2009AC333 /* Router.swift in Sources */ = {isa = PBXBuildFile; fileRef = 00B7C3F02BCA5BE2009AC333 /* Router.swift */; };
		00B7C3F32BCA5C42009AC333 /* TargetType.swift in Sources */ = {isa = PBXBuildFile; fileRef = 00B7C3F22BCA5C42009AC333 /* TargetType.swift */; };
		00B7C3F72BCA5F38009AC333 /* SignInViewController.swift in Sources */ = {isa = PBXBuildFile; fileRef = 00B7C3F62BCA5F38009AC333 /* SignInViewController.swift */; };
		00B7C3FA2BCA5F60009AC333 /* UIViewControllerConfiguration.swift in Sources */ = {isa = PBXBuildFile; fileRef = 00B7C3F92BCA5F60009AC333 /* UIViewControllerConfiguration.swift */; };
		00B7C3FE2BCA6142009AC333 /* BaseViewController.swift in Sources */ = {isa = PBXBuildFile; fileRef = 00B7C3FD2BCA6142009AC333 /* BaseViewController.swift */; };
		00B7C4022BCA66F6009AC333 /* Main.storyboard in Resources */ = {isa = PBXBuildFile; fileRef = 00B7C4012BCA66F6009AC333 /* Main.storyboard */; };
		00B7C4062BCA68DB009AC333 /* HTTPHeader.swift in Sources */ = {isa = PBXBuildFile; fileRef = 00B7C4052BCA68DB009AC333 /* HTTPHeader.swift */; };
		00B7C4092BCA695C009AC333 /* LoginQuery.swift in Sources */ = {isa = PBXBuildFile; fileRef = 00B7C4082BCA695C009AC333 /* LoginQuery.swift */; };
		00B7C40C2BCA6A6E009AC333 /* LoginViewModel.swift in Sources */ = {isa = PBXBuildFile; fileRef = 00B7C40B2BCA6A6E009AC333 /* LoginViewModel.swift */; };
		00B7C40E2BCA6A93009AC333 /* ViewModelType.swift in Sources */ = {isa = PBXBuildFile; fileRef = 00B7C40D2BCA6A93009AC333 /* ViewModelType.swift */; };
		00B7C4112BCA6BB7009AC333 /* UserManager.swift in Sources */ = {isa = PBXBuildFile; fileRef = 00B7C4102BCA6BB7009AC333 /* UserManager.swift */; };
		00B7C4142BCA6C7F009AC333 /* LoginModel.swift in Sources */ = {isa = PBXBuildFile; fileRef = 00B7C4132BCA6C7F009AC333 /* LoginModel.swift */; };
		00C71D612BCC087B00D933FD /* SignUpViewController.swift in Sources */ = {isa = PBXBuildFile; fileRef = 00C71D602BCC087B00D933FD /* SignUpViewController.swift */; };
		00C71D652BCC098F00D933FD /* SignUpViewModel.swift in Sources */ = {isa = PBXBuildFile; fileRef = 00C71D642BCC098F00D933FD /* SignUpViewModel.swift */; };
		00C71D672BCC0FDA00D933FD /* SignUpQuery.swift in Sources */ = {isa = PBXBuildFile; fileRef = 00C71D662BCC0FDA00D933FD /* SignUpQuery.swift */; };
		00C71D692BCC11C900D933FD /* SignUpModel.swift in Sources */ = {isa = PBXBuildFile; fileRef = 00C71D682BCC11C900D933FD /* SignUpModel.swift */; };
		00C71D6E2BCC22E200D933FD /* HomeViewController.swift in Sources */ = {isa = PBXBuildFile; fileRef = 00C71D6D2BCC22E200D933FD /* HomeViewController.swift */; };
		00F65D372BCA16290027A897 /* Alamofire in Frameworks */ = {isa = PBXBuildFile; productRef = 00F65D362BCA16290027A897 /* Alamofire */; };
		00F65D3A2BCA167F0027A897 /* RxCocoa in Frameworks */ = {isa = PBXBuildFile; productRef = 00F65D392BCA167F0027A897 /* RxCocoa */; };
		00F65D3C2BCA167F0027A897 /* RxSwift in Frameworks */ = {isa = PBXBuildFile; productRef = 00F65D3B2BCA167F0027A897 /* RxSwift */; };
		00F65D3F2BCA176B0027A897 /* Realm in Frameworks */ = {isa = PBXBuildFile; productRef = 00F65D3E2BCA176B0027A897 /* Realm */; };
		00F65D412BCA176B0027A897 /* RealmSwift in Frameworks */ = {isa = PBXBuildFile; productRef = 00F65D402BCA176B0027A897 /* RealmSwift */; };
		00F65D442BCA178C0027A897 /* SnapKit in Frameworks */ = {isa = PBXBuildFile; productRef = 00F65D432BCA178C0027A897 /* SnapKit */; };
/* End PBXBuildFile section */

/* Begin PBXFileReference section */
		0034FAEE2BCC9AA200D932F3 /* ProfileViewController.swift */ = {isa = PBXFileReference; lastKnownFileType = sourcecode.swift; path = ProfileViewController.swift; sourceTree = "<group>"; };
		0034FAF02BCC9DBC00D932F3 /* ProfileViewModel.swift */ = {isa = PBXFileReference; lastKnownFileType = sourcecode.swift; path = ProfileViewModel.swift; sourceTree = "<group>"; };
		0034FAF52BCC9F1200D932F3 /* SettingsViewController.swift */ = {isa = PBXFileReference; lastKnownFileType = sourcecode.swift; path = SettingsViewController.swift; sourceTree = "<group>"; };
		0034FAF72BCC9F5400D932F3 /* SettingsViewModel.swift */ = {isa = PBXFileReference; lastKnownFileType = sourcecode.swift; path = SettingsViewModel.swift; sourceTree = "<group>"; };
		0034FAF92BCCA19E00D932F3 /* WithdrawalModel.swift */ = {isa = PBXFileReference; lastKnownFileType = sourcecode.swift; path = WithdrawalModel.swift; sourceTree = "<group>"; };
		0049D87B2BC96B4800F59852 /* PicPoint.app */ = {isa = PBXFileReference; explicitFileType = wrapper.application; includeInIndex = 0; path = PicPoint.app; sourceTree = BUILT_PRODUCTS_DIR; };
		0049D87E2BC96B4800F59852 /* AppDelegate.swift */ = {isa = PBXFileReference; lastKnownFileType = sourcecode.swift; path = AppDelegate.swift; sourceTree = "<group>"; };
		0049D8802BC96B4800F59852 /* SceneDelegate.swift */ = {isa = PBXFileReference; lastKnownFileType = sourcecode.swift; path = SceneDelegate.swift; sourceTree = "<group>"; };
		0049D8872BC96B4900F59852 /* Assets.xcassets */ = {isa = PBXFileReference; lastKnownFileType = folder.assetcatalog; path = Assets.xcassets; sourceTree = "<group>"; };
		0049D88A2BC96B4900F59852 /* Base */ = {isa = PBXFileReference; lastKnownFileType = file.storyboard; name = Base; path = Base.lproj/LaunchScreen.storyboard; sourceTree = "<group>"; };
		0049D88C2BC96B4900F59852 /* Info.plist */ = {isa = PBXFileReference; lastKnownFileType = text.plist.xml; path = Info.plist; sourceTree = "<group>"; };
		00AA9A782BCC24B90069C55C /* HomeTabBarViewController.swift */ = {isa = PBXFileReference; lastKnownFileType = sourcecode.swift; path = HomeTabBarViewController.swift; sourceTree = "<group>"; };
		00AA9A7A2BCC25C90069C55C /* UserDefaults+Extensions.swift */ = {isa = PBXFileReference; lastKnownFileType = sourcecode.swift; path = "UserDefaults+Extensions.swift"; sourceTree = "<group>"; };
		00AFF5FB2BCD1274006D319A /* HomeViewModel.swift */ = {isa = PBXFileReference; lastKnownFileType = sourcecode.swift; path = HomeViewModel.swift; sourceTree = "<group>"; };
		00AFF5FD2BCD1418006D319A /* UICollectionViewConfiguration.swift */ = {isa = PBXFileReference; lastKnownFileType = sourcecode.swift; path = UICollectionViewConfiguration.swift; sourceTree = "<group>"; };
		00AFF5FF2BCD14D3006D319A /* HomeCollectionViewCell.swift */ = {isa = PBXFileReference; lastKnownFileType = sourcecode.swift; path = HomeCollectionViewCell.swift; sourceTree = "<group>"; };
		00AFF6012BCD152E006D319A /* CellIdentifiable.swift */ = {isa = PBXFileReference; lastKnownFileType = sourcecode.swift; path = CellIdentifiable.swift; sourceTree = "<group>"; };
		00AFF6032BCD155E006D319A /* UICollectionViewCell+Extensions.swift */ = {isa = PBXFileReference; lastKnownFileType = sourcecode.swift; path = "UICollectionViewCell+Extensions.swift"; sourceTree = "<group>"; };
		00AFF6052BCD15B7006D319A /* UICollectionViewCellConfiguration.swift */ = {isa = PBXFileReference; lastKnownFileType = sourcecode.swift; path = UICollectionViewCellConfiguration.swift; sourceTree = "<group>"; };
		00AFF6082BCD2AAD006D319A /* HomeCollectionViewCellTopView.swift */ = {isa = PBXFileReference; lastKnownFileType = sourcecode.swift; path = HomeCollectionViewCellTopView.swift; sourceTree = "<group>"; };
		00AFF60A2BCD2CA5006D319A /* HomeCollectionViewCellIconView.swift */ = {isa = PBXFileReference; lastKnownFileType = sourcecode.swift; path = HomeCollectionViewCellIconView.swift; sourceTree = "<group>"; };
		00AFF60C2BCD2CE0006D319A /* UIViewConfiguration.swift */ = {isa = PBXFileReference; lastKnownFileType = sourcecode.swift; path = UIViewConfiguration.swift; sourceTree = "<group>"; };
		00AFF60F2BCD5868006D319A /* IconLablelStackView.swift */ = {isa = PBXFileReference; lastKnownFileType = sourcecode.swift; path = IconLablelStackView.swift; sourceTree = "<group>"; };
		00AFF6142BCD5C84006D319A /* HomeCollectionViewCellBottomView.swift */ = {isa = PBXFileReference; lastKnownFileType = sourcecode.swift; path = HomeCollectionViewCellBottomView.swift; sourceTree = "<group>"; };
		00B7C3EE2BCA5A42009AC333 /* APIKeys.swift */ = {isa = PBXFileReference; lastKnownFileType = sourcecode.swift; path = APIKeys.swift; sourceTree = "<group>"; };
		00B7C3F02BCA5BE2009AC333 /* Router.swift */ = {isa = PBXFileReference; lastKnownFileType = sourcecode.swift; path = Router.swift; sourceTree = "<group>"; };
		00B7C3F22BCA5C42009AC333 /* TargetType.swift */ = {isa = PBXFileReference; lastKnownFileType = sourcecode.swift; path = TargetType.swift; sourceTree = "<group>"; };
		00B7C3F62BCA5F38009AC333 /* SignInViewController.swift */ = {isa = PBXFileReference; lastKnownFileType = sourcecode.swift; path = SignInViewController.swift; sourceTree = "<group>"; };
		00B7C3F92BCA5F60009AC333 /* UIViewControllerConfiguration.swift */ = {isa = PBXFileReference; lastKnownFileType = sourcecode.swift; path = UIViewControllerConfiguration.swift; sourceTree = "<group>"; };
		00B7C3FD2BCA6142009AC333 /* BaseViewController.swift */ = {isa = PBXFileReference; lastKnownFileType = sourcecode.swift; path = BaseViewController.swift; sourceTree = "<group>"; };
		00B7C4012BCA66F6009AC333 /* Main.storyboard */ = {isa = PBXFileReference; lastKnownFileType = file.storyboard; path = Main.storyboard; sourceTree = "<group>"; };
		00B7C4052BCA68DB009AC333 /* HTTPHeader.swift */ = {isa = PBXFileReference; lastKnownFileType = sourcecode.swift; path = HTTPHeader.swift; sourceTree = "<group>"; };
		00B7C4082BCA695C009AC333 /* LoginQuery.swift */ = {isa = PBXFileReference; lastKnownFileType = sourcecode.swift; path = LoginQuery.swift; sourceTree = "<group>"; };
		00B7C40B2BCA6A6E009AC333 /* LoginViewModel.swift */ = {isa = PBXFileReference; lastKnownFileType = sourcecode.swift; path = LoginViewModel.swift; sourceTree = "<group>"; };
		00B7C40D2BCA6A93009AC333 /* ViewModelType.swift */ = {isa = PBXFileReference; lastKnownFileType = sourcecode.swift; path = ViewModelType.swift; sourceTree = "<group>"; };
		00B7C4102BCA6BB7009AC333 /* UserManager.swift */ = {isa = PBXFileReference; lastKnownFileType = sourcecode.swift; path = UserManager.swift; sourceTree = "<group>"; };
		00B7C4132BCA6C7F009AC333 /* LoginModel.swift */ = {isa = PBXFileReference; lastKnownFileType = sourcecode.swift; path = LoginModel.swift; sourceTree = "<group>"; };
		00C71D602BCC087B00D933FD /* SignUpViewController.swift */ = {isa = PBXFileReference; lastKnownFileType = sourcecode.swift; path = SignUpViewController.swift; sourceTree = "<group>"; };
		00C71D642BCC098F00D933FD /* SignUpViewModel.swift */ = {isa = PBXFileReference; lastKnownFileType = sourcecode.swift; path = SignUpViewModel.swift; sourceTree = "<group>"; };
		00C71D662BCC0FDA00D933FD /* SignUpQuery.swift */ = {isa = PBXFileReference; lastKnownFileType = sourcecode.swift; path = SignUpQuery.swift; sourceTree = "<group>"; };
		00C71D682BCC11C900D933FD /* SignUpModel.swift */ = {isa = PBXFileReference; lastKnownFileType = sourcecode.swift; path = SignUpModel.swift; sourceTree = "<group>"; };
		00C71D6D2BCC22E200D933FD /* HomeViewController.swift */ = {isa = PBXFileReference; lastKnownFileType = sourcecode.swift; path = HomeViewController.swift; sourceTree = "<group>"; };
/* End PBXFileReference section */

/* Begin PBXFrameworksBuildPhase section */
		0049D8782BC96B4800F59852 /* Frameworks */ = {
			isa = PBXFrameworksBuildPhase;
			buildActionMask = 2147483647;
			files = (
				00F65D3C2BCA167F0027A897 /* RxSwift in Frameworks */,
				00F65D3A2BCA167F0027A897 /* RxCocoa in Frameworks */,
				00F65D3F2BCA176B0027A897 /* Realm in Frameworks */,
				00F65D442BCA178C0027A897 /* SnapKit in Frameworks */,
				00F65D412BCA176B0027A897 /* RealmSwift in Frameworks */,
				00F65D372BCA16290027A897 /* Alamofire in Frameworks */,
			);
			runOnlyForDeploymentPostprocessing = 0;
		};
/* End PBXFrameworksBuildPhase section */

/* Begin PBXGroup section */
		0034FAEB2BCC9A7700D932F3 /* Profile */ = {
			isa = PBXGroup;
			children = (
				0034FAF22BCC9EF400D932F3 /* Settings */,
				0034FAEC2BCC9A8800D932F3 /* Views */,
				0034FAED2BCC9A8D00D932F3 /* ViewModels */,
			);
			path = Profile;
			sourceTree = "<group>";
		};
		0034FAEC2BCC9A8800D932F3 /* Views */ = {
			isa = PBXGroup;
			children = (
				0034FAEE2BCC9AA200D932F3 /* ProfileViewController.swift */,
			);
			path = Views;
			sourceTree = "<group>";
		};
		0034FAED2BCC9A8D00D932F3 /* ViewModels */ = {
			isa = PBXGroup;
			children = (
				0034FAF02BCC9DBC00D932F3 /* ProfileViewModel.swift */,
			);
			path = ViewModels;
			sourceTree = "<group>";
		};
		0034FAF22BCC9EF400D932F3 /* Settings */ = {
			isa = PBXGroup;
			children = (
				0034FAF32BCC9EFD00D932F3 /* Views */,
				0034FAF42BCC9F0100D932F3 /* ViewModels */,
			);
			path = Settings;
			sourceTree = "<group>";
		};
		0034FAF32BCC9EFD00D932F3 /* Views */ = {
			isa = PBXGroup;
			children = (
				0034FAF52BCC9F1200D932F3 /* SettingsViewController.swift */,
			);
			path = Views;
			sourceTree = "<group>";
		};
		0034FAF42BCC9F0100D932F3 /* ViewModels */ = {
			isa = PBXGroup;
			children = (
				0034FAF72BCC9F5400D932F3 /* SettingsViewModel.swift */,
			);
			path = ViewModels;
			sourceTree = "<group>";
		};
		0049D8722BC96B4800F59852 = {
			isa = PBXGroup;
			children = (
				0049D87D2BC96B4800F59852 /* PicPoint */,
				0049D87C2BC96B4800F59852 /* Products */,
			);
			sourceTree = "<group>";
		};
		0049D87C2BC96B4800F59852 /* Products */ = {
			isa = PBXGroup;
			children = (
				0049D87B2BC96B4800F59852 /* PicPoint.app */,
			);
			name = Products;
			sourceTree = "<group>";
		};
		0049D87D2BC96B4800F59852 /* PicPoint */ = {
			isa = PBXGroup;
			children = (
				00F65D492BCA1C8D0027A897 /* Resources */,
				00F65D482BCA1C5B0027A897 /* Protocols */,
				00F65D472BCA1C450027A897 /* Extensions */,
				00F65D462BCA1B3E0027A897 /* Network */,
				00F65D452BCA179C0027A897 /* Present */,
				00B7C3FB2BCA612D009AC333 /* Base */,
				0049D87E2BC96B4800F59852 /* AppDelegate.swift */,
				0049D8802BC96B4800F59852 /* SceneDelegate.swift */,
				0049D8872BC96B4900F59852 /* Assets.xcassets */,
				0049D8892BC96B4900F59852 /* LaunchScreen.storyboard */,
				0049D88C2BC96B4900F59852 /* Info.plist */,
				00B7C3EE2BCA5A42009AC333 /* APIKeys.swift */,
				00B7C4012BCA66F6009AC333 /* Main.storyboard */,
			);
			path = PicPoint;
			sourceTree = "<group>";
		};
		00AA9A772BCC247C0069C55C /* HomeTabBar */ = {
			isa = PBXGroup;
			children = (
				00AA9A782BCC24B90069C55C /* HomeTabBarViewController.swift */,
				00C71D6A2BCC22AC00D933FD /* Home */,
				0034FAEB2BCC9A7700D932F3 /* Profile */,
			);
			path = HomeTabBar;
			sourceTree = "<group>";
		};
		00AFF60E2BCD57D5006D319A /* CustomViews */ = {
			isa = PBXGroup;
			children = (
				00AFF60F2BCD5868006D319A /* IconLablelStackView.swift */,
			);
			path = CustomViews;
			sourceTree = "<group>";
		};
		00AFF6112BCD5B3D006D319A /* HomeCollectionViewCell */ = {
			isa = PBXGroup;
			children = (
				00AFF5FF2BCD14D3006D319A /* HomeCollectionViewCell.swift */,
				00AFF6122BCD5B42006D319A /* SubViews */,
			);
			path = HomeCollectionViewCell;
			sourceTree = "<group>";
		};
		00AFF6122BCD5B42006D319A /* SubViews */ = {
			isa = PBXGroup;
			children = (
				00AFF6082BCD2AAD006D319A /* HomeCollectionViewCellTopView.swift */,
				00AFF6132BCD5B66006D319A /* HomeCollectionViewCellIconViewHomeCollectionViewCellIconView */,
				00AFF6142BCD5C84006D319A /* HomeCollectionViewCellBottomView.swift */,
			);
			path = SubViews;
			sourceTree = "<group>";
		};
		00AFF6132BCD5B66006D319A /* HomeCollectionViewCellIconViewHomeCollectionViewCellIconView */ = {
			isa = PBXGroup;
			children = (
				00AFF60A2BCD2CA5006D319A /* HomeCollectionViewCellIconView.swift */,
				00AFF60E2BCD57D5006D319A /* CustomViews */,
			);
			path = HomeCollectionViewCellIconViewHomeCollectionViewCellIconView;
			sourceTree = "<group>";
		};
		00B7C3F42BCA5EE9009AC333 /* SignIn */ = {
			isa = PBXGroup;
			children = (
				00B7C3FF2BCA642E009AC333 /* Views */,
				00B7C4002BCA643E009AC333 /* ViewModels */,
			);
			path = SignIn;
			sourceTree = "<group>";
		};
		00B7C3F52BCA5F01009AC333 /* SignUp */ = {
			isa = PBXGroup;
			children = (
				00C71D622BCC087F00D933FD /* Views */,
				00C71D632BCC088400D933FD /* ViewModels */,
			);
			path = SignUp;
			sourceTree = "<group>";
		};
		00B7C3F82BCA5F56009AC333 /* UI */ = {
			isa = PBXGroup;
			children = (
				00AFF6012BCD152E006D319A /* CellIdentifiable.swift */,
				00B7C3F92BCA5F60009AC333 /* UIViewControllerConfiguration.swift */,
				00B7C40D2BCA6A93009AC333 /* ViewModelType.swift */,
				00AFF5FD2BCD1418006D319A /* UICollectionViewConfiguration.swift */,
				00AFF6052BCD15B7006D319A /* UICollectionViewCellConfiguration.swift */,
				00AFF60C2BCD2CE0006D319A /* UIViewConfiguration.swift */,
			);
			path = UI;
			sourceTree = "<group>";
		};
		00B7C3FB2BCA612D009AC333 /* Base */ = {
			isa = PBXGroup;
			children = (
				00B7C3FC2BCA6137009AC333 /* UI */,
			);
			path = Base;
			sourceTree = "<group>";
		};
		00B7C3FC2BCA6137009AC333 /* UI */ = {
			isa = PBXGroup;
			children = (
				00B7C3FD2BCA6142009AC333 /* BaseViewController.swift */,
			);
			path = UI;
			sourceTree = "<group>";
		};
		00B7C3FF2BCA642E009AC333 /* Views */ = {
			isa = PBXGroup;
			children = (
				00B7C3F62BCA5F38009AC333 /* SignInViewController.swift */,
			);
			path = Views;
			sourceTree = "<group>";
		};
		00B7C4002BCA643E009AC333 /* ViewModels */ = {
			isa = PBXGroup;
			children = (
				00B7C40B2BCA6A6E009AC333 /* LoginViewModel.swift */,
			);
			path = ViewModels;
			sourceTree = "<group>";
		};
		00B7C4072BCA694A009AC333 /* Queries */ = {
			isa = PBXGroup;
			children = (
				00B7C4082BCA695C009AC333 /* LoginQuery.swift */,
				00C71D662BCC0FDA00D933FD /* SignUpQuery.swift */,
			);
			path = Queries;
			sourceTree = "<group>";
		};
		00B7C40A2BCA697B009AC333 /* Models */ = {
			isa = PBXGroup;
			children = (
				00B7C4122BCA6C5D009AC333 /* Responses */,
				00B7C4072BCA694A009AC333 /* Queries */,
			);
			path = Models;
			sourceTree = "<group>";
		};
		00B7C40F2BCA6B56009AC333 /* Managers */ = {
			isa = PBXGroup;
			children = (
				00B7C4102BCA6BB7009AC333 /* UserManager.swift */,
			);
			path = Managers;
			sourceTree = "<group>";
		};
		00B7C4122BCA6C5D009AC333 /* Responses */ = {
			isa = PBXGroup;
			children = (
				00B7C4132BCA6C7F009AC333 /* LoginModel.swift */,
				00C71D682BCC11C900D933FD /* SignUpModel.swift */,
				0034FAF92BCCA19E00D932F3 /* WithdrawalModel.swift */,
			);
			path = Responses;
			sourceTree = "<group>";
		};
		00C71D622BCC087F00D933FD /* Views */ = {
			isa = PBXGroup;
			children = (
				00C71D602BCC087B00D933FD /* SignUpViewController.swift */,
			);
			path = Views;
			sourceTree = "<group>";
		};
		00C71D632BCC088400D933FD /* ViewModels */ = {
			isa = PBXGroup;
			children = (
				00C71D642BCC098F00D933FD /* SignUpViewModel.swift */,
			);
			path = ViewModels;
			sourceTree = "<group>";
		};
		00C71D6A2BCC22AC00D933FD /* Home */ = {
			isa = PBXGroup;
			children = (
				00C71D6C2BCC22BC00D933FD /* Views */,
				00C71D6B2BCC22B900D933FD /* ViewModels */,
			);
			path = Home;
			sourceTree = "<group>";
		};
		00C71D6B2BCC22B900D933FD /* ViewModels */ = {
			isa = PBXGroup;
			children = (
				00AFF5FB2BCD1274006D319A /* HomeViewModel.swift */,
			);
			path = ViewModels;
			sourceTree = "<group>";
		};
		00C71D6C2BCC22BC00D933FD /* Views */ = {
			isa = PBXGroup;
			children = (
				00C71D6D2BCC22E200D933FD /* HomeViewController.swift */,
				00AFF6112BCD5B3D006D319A /* HomeCollectionViewCell */,
			);
			path = Views;
			sourceTree = "<group>";
		};
		00F65D452BCA179C0027A897 /* Present */ = {
			isa = PBXGroup;
			children = (
				00AA9A772BCC247C0069C55C /* HomeTabBar */,
				00B7C3F52BCA5F01009AC333 /* SignUp */,
				00B7C3F42BCA5EE9009AC333 /* SignIn */,
			);
			path = Present;
			sourceTree = "<group>";
		};
		00F65D462BCA1B3E0027A897 /* Network */ = {
			isa = PBXGroup;
			children = (
				00B7C3F02BCA5BE2009AC333 /* Router.swift */,
				00B7C3F22BCA5C42009AC333 /* TargetType.swift */,
				00B7C4052BCA68DB009AC333 /* HTTPHeader.swift */,
				00B7C40A2BCA697B009AC333 /* Models */,
				00B7C40F2BCA6B56009AC333 /* Managers */,
			);
			path = Network;
			sourceTree = "<group>";
		};
		00F65D472BCA1C450027A897 /* Extensions */ = {
			isa = PBXGroup;
			children = (
				00AA9A7A2BCC25C90069C55C /* UserDefaults+Extensions.swift */,
				00AFF6032BCD155E006D319A /* UICollectionViewCell+Extensions.swift */,
			);
			path = Extensions;
			sourceTree = "<group>";
		};
		00F65D482BCA1C5B0027A897 /* Protocols */ = {
			isa = PBXGroup;
			children = (
				00B7C3F82BCA5F56009AC333 /* UI */,
			);
			path = Protocols;
			sourceTree = "<group>";
		};
		00F65D492BCA1C8D0027A897 /* Resources */ = {
			isa = PBXGroup;
			children = (
			);
			name = Resources;
			sourceTree = "<group>";
		};
/* End PBXGroup section */

/* Begin PBXNativeTarget section */
		0049D87A2BC96B4800F59852 /* PicPoint */ = {
			isa = PBXNativeTarget;
			buildConfigurationList = 0049D88F2BC96B4900F59852 /* Build configuration list for PBXNativeTarget "PicPoint" */;
			buildPhases = (
				0049D8772BC96B4800F59852 /* Sources */,
				0049D8782BC96B4800F59852 /* Frameworks */,
				0049D8792BC96B4800F59852 /* Resources */,
			);
			buildRules = (
			);
			dependencies = (
			);
			name = PicPoint;
			packageProductDependencies = (
				00F65D362BCA16290027A897 /* Alamofire */,
				00F65D392BCA167F0027A897 /* RxCocoa */,
				00F65D3B2BCA167F0027A897 /* RxSwift */,
				00F65D3E2BCA176B0027A897 /* Realm */,
				00F65D402BCA176B0027A897 /* RealmSwift */,
				00F65D432BCA178C0027A897 /* SnapKit */,
			);
			productName = PicPoint;
			productReference = 0049D87B2BC96B4800F59852 /* PicPoint.app */;
			productType = "com.apple.product-type.application";
		};
/* End PBXNativeTarget section */

/* Begin PBXProject section */
		0049D8732BC96B4800F59852 /* Project object */ = {
			isa = PBXProject;
			attributes = {
				BuildIndependentTargetsInParallel = 1;
				LastSwiftUpdateCheck = 1500;
				LastUpgradeCheck = 1500;
				TargetAttributes = {
					0049D87A2BC96B4800F59852 = {
						CreatedOnToolsVersion = 15.0;
					};
				};
			};
			buildConfigurationList = 0049D8762BC96B4800F59852 /* Build configuration list for PBXProject "PicPoint" */;
			compatibilityVersion = "Xcode 14.0";
			developmentRegion = en;
			hasScannedForEncodings = 0;
			knownRegions = (
				en,
				Base,
			);
			mainGroup = 0049D8722BC96B4800F59852;
			packageReferences = (
				00F65D352BCA16290027A897 /* XCRemoteSwiftPackageReference "Alamofire" */,
				00F65D382BCA167F0027A897 /* XCRemoteSwiftPackageReference "RxSwift" */,
				00F65D3D2BCA176B0027A897 /* XCRemoteSwiftPackageReference "realm-swift" */,
				00F65D422BCA178C0027A897 /* XCRemoteSwiftPackageReference "SnapKit" */,
			);
			productRefGroup = 0049D87C2BC96B4800F59852 /* Products */;
			projectDirPath = "";
			projectRoot = "";
			targets = (
				0049D87A2BC96B4800F59852 /* PicPoint */,
			);
		};
/* End PBXProject section */

/* Begin PBXResourcesBuildPhase section */
		0049D8792BC96B4800F59852 /* Resources */ = {
			isa = PBXResourcesBuildPhase;
			buildActionMask = 2147483647;
			files = (
				00B7C4022BCA66F6009AC333 /* Main.storyboard in Resources */,
				0049D88B2BC96B4900F59852 /* LaunchScreen.storyboard in Resources */,
				0049D8882BC96B4900F59852 /* Assets.xcassets in Resources */,
			);
			runOnlyForDeploymentPostprocessing = 0;
		};
/* End PBXResourcesBuildPhase section */

/* Begin PBXSourcesBuildPhase section */
		0049D8772BC96B4800F59852 /* Sources */ = {
			isa = PBXSourcesBuildPhase;
			buildActionMask = 2147483647;
			files = (
				00AFF6002BCD14D3006D319A /* HomeCollectionViewCell.swift in Sources */,
				00AFF60D2BCD2CE0006D319A /* UIViewConfiguration.swift in Sources */,
				0034FAFA2BCCA19E00D932F3 /* WithdrawalModel.swift in Sources */,
				00B7C4092BCA695C009AC333 /* LoginQuery.swift in Sources */,
				00B7C4142BCA6C7F009AC333 /* LoginModel.swift in Sources */,
				00AFF5FE2BCD1418006D319A /* UICollectionViewConfiguration.swift in Sources */,
				00AFF6152BCD5C84006D319A /* HomeCollectionViewCellBottomView.swift in Sources */,
				00C71D652BCC098F00D933FD /* SignUpViewModel.swift in Sources */,
				00C71D692BCC11C900D933FD /* SignUpModel.swift in Sources */,
				00AA9A7B2BCC25C90069C55C /* UserDefaults+Extensions.swift in Sources */,
				00B7C4062BCA68DB009AC333 /* HTTPHeader.swift in Sources */,
				0034FAEF2BCC9AA200D932F3 /* ProfileViewController.swift in Sources */,
				00C71D6E2BCC22E200D933FD /* HomeViewController.swift in Sources */,
				00AFF6092BCD2AAD006D319A /* HomeCollectionViewCellTopView.swift in Sources */,
				00B7C40C2BCA6A6E009AC333 /* LoginViewModel.swift in Sources */,
				00AFF60B2BCD2CA5006D319A /* HomeCollectionViewCellIconView.swift in Sources */,
				00AFF5FC2BCD1274006D319A /* HomeViewModel.swift in Sources */,
				00B7C3F32BCA5C42009AC333 /* TargetType.swift in Sources */,
				0034FAF82BCC9F5400D932F3 /* SettingsViewModel.swift in Sources */,
				00B7C3F12BCA5BE2009AC333 /* Router.swift in Sources */,
				00AA9A792BCC24B90069C55C /* HomeTabBarViewController.swift in Sources */,
				00B7C4112BCA6BB7009AC333 /* UserManager.swift in Sources */,
				00C71D612BCC087B00D933FD /* SignUpViewController.swift in Sources */,
				00B7C3FA2BCA5F60009AC333 /* UIViewControllerConfiguration.swift in Sources */,
				0034FAF12BCC9DBC00D932F3 /* ProfileViewModel.swift in Sources */,
				00B7C3F72BCA5F38009AC333 /* SignInViewController.swift in Sources */,
				00B7C3EF2BCA5A42009AC333 /* APIKeys.swift in Sources */,
				00B7C40E2BCA6A93009AC333 /* ViewModelType.swift in Sources */,
				00B7C3FE2BCA6142009AC333 /* BaseViewController.swift in Sources */,
				00AFF6022BCD152E006D319A /* CellIdentifiable.swift in Sources */,
				0049D87F2BC96B4800F59852 /* AppDelegate.swift in Sources */,
				00AFF6102BCD5868006D319A /* IconLablelStackView.swift in Sources */,
				00C71D672BCC0FDA00D933FD /* SignUpQuery.swift in Sources */,
				0049D8812BC96B4800F59852 /* SceneDelegate.swift in Sources */,
				00AFF6042BCD155E006D319A /* UICollectionViewCell+Extensions.swift in Sources */,
				0034FAF62BCC9F1200D932F3 /* SettingsViewController.swift in Sources */,
				00AFF6062BCD15B7006D319A /* UICollectionViewCellConfiguration.swift in Sources */,
			);
			runOnlyForDeploymentPostprocessing = 0;
		};
/* End PBXSourcesBuildPhase section */

/* Begin PBXVariantGroup section */
		0049D8892BC96B4900F59852 /* LaunchScreen.storyboard */ = {
			isa = PBXVariantGroup;
			children = (
				0049D88A2BC96B4900F59852 /* Base */,
			);
			name = LaunchScreen.storyboard;
			sourceTree = "<group>";
		};
/* End PBXVariantGroup section */

/* Begin XCBuildConfiguration section */
		0049D88D2BC96B4900F59852 /* Debug */ = {
			isa = XCBuildConfiguration;
			buildSettings = {
				ALWAYS_SEARCH_USER_PATHS = NO;
				ASSETCATALOG_COMPILER_GENERATE_SWIFT_ASSET_SYMBOL_EXTENSIONS = YES;
				CLANG_ANALYZER_NONNULL = YES;
				CLANG_ANALYZER_NUMBER_OBJECT_CONVERSION = YES_AGGRESSIVE;
				CLANG_CXX_LANGUAGE_STANDARD = "gnu++20";
				CLANG_ENABLE_MODULES = YES;
				CLANG_ENABLE_OBJC_ARC = YES;
				CLANG_ENABLE_OBJC_WEAK = YES;
				CLANG_WARN_BLOCK_CAPTURE_AUTORELEASING = YES;
				CLANG_WARN_BOOL_CONVERSION = YES;
				CLANG_WARN_COMMA = YES;
				CLANG_WARN_CONSTANT_CONVERSION = YES;
				CLANG_WARN_DEPRECATED_OBJC_IMPLEMENTATIONS = YES;
				CLANG_WARN_DIRECT_OBJC_ISA_USAGE = YES_ERROR;
				CLANG_WARN_DOCUMENTATION_COMMENTS = YES;
				CLANG_WARN_EMPTY_BODY = YES;
				CLANG_WARN_ENUM_CONVERSION = YES;
				CLANG_WARN_INFINITE_RECURSION = YES;
				CLANG_WARN_INT_CONVERSION = YES;
				CLANG_WARN_NON_LITERAL_NULL_CONVERSION = YES;
				CLANG_WARN_OBJC_IMPLICIT_RETAIN_SELF = YES;
				CLANG_WARN_OBJC_LITERAL_CONVERSION = YES;
				CLANG_WARN_OBJC_ROOT_CLASS = YES_ERROR;
				CLANG_WARN_QUOTED_INCLUDE_IN_FRAMEWORK_HEADER = YES;
				CLANG_WARN_RANGE_LOOP_ANALYSIS = YES;
				CLANG_WARN_STRICT_PROTOTYPES = YES;
				CLANG_WARN_SUSPICIOUS_MOVE = YES;
				CLANG_WARN_UNGUARDED_AVAILABILITY = YES_AGGRESSIVE;
				CLANG_WARN_UNREACHABLE_CODE = YES;
				CLANG_WARN__DUPLICATE_METHOD_MATCH = YES;
				COPY_PHASE_STRIP = NO;
				DEBUG_INFORMATION_FORMAT = dwarf;
				ENABLE_STRICT_OBJC_MSGSEND = YES;
				ENABLE_TESTABILITY = YES;
				ENABLE_USER_SCRIPT_SANDBOXING = YES;
				GCC_C_LANGUAGE_STANDARD = gnu17;
				GCC_DYNAMIC_NO_PIC = NO;
				GCC_NO_COMMON_BLOCKS = YES;
				GCC_OPTIMIZATION_LEVEL = 0;
				GCC_PREPROCESSOR_DEFINITIONS = (
					"DEBUG=1",
					"$(inherited)",
				);
				GCC_WARN_64_TO_32_BIT_CONVERSION = YES;
				GCC_WARN_ABOUT_RETURN_TYPE = YES_ERROR;
				GCC_WARN_UNDECLARED_SELECTOR = YES;
				GCC_WARN_UNINITIALIZED_AUTOS = YES_AGGRESSIVE;
				GCC_WARN_UNUSED_FUNCTION = YES;
				GCC_WARN_UNUSED_VARIABLE = YES;
				IPHONEOS_DEPLOYMENT_TARGET = 17.0;
				LOCALIZATION_PREFERS_STRING_CATALOGS = YES;
				MTL_ENABLE_DEBUG_INFO = INCLUDE_SOURCE;
				MTL_FAST_MATH = YES;
				ONLY_ACTIVE_ARCH = YES;
				SDKROOT = iphoneos;
				SWIFT_ACTIVE_COMPILATION_CONDITIONS = "DEBUG $(inherited)";
				SWIFT_OPTIMIZATION_LEVEL = "-Onone";
			};
			name = Debug;
		};
		0049D88E2BC96B4900F59852 /* Release */ = {
			isa = XCBuildConfiguration;
			buildSettings = {
				ALWAYS_SEARCH_USER_PATHS = NO;
				ASSETCATALOG_COMPILER_GENERATE_SWIFT_ASSET_SYMBOL_EXTENSIONS = YES;
				CLANG_ANALYZER_NONNULL = YES;
				CLANG_ANALYZER_NUMBER_OBJECT_CONVERSION = YES_AGGRESSIVE;
				CLANG_CXX_LANGUAGE_STANDARD = "gnu++20";
				CLANG_ENABLE_MODULES = YES;
				CLANG_ENABLE_OBJC_ARC = YES;
				CLANG_ENABLE_OBJC_WEAK = YES;
				CLANG_WARN_BLOCK_CAPTURE_AUTORELEASING = YES;
				CLANG_WARN_BOOL_CONVERSION = YES;
				CLANG_WARN_COMMA = YES;
				CLANG_WARN_CONSTANT_CONVERSION = YES;
				CLANG_WARN_DEPRECATED_OBJC_IMPLEMENTATIONS = YES;
				CLANG_WARN_DIRECT_OBJC_ISA_USAGE = YES_ERROR;
				CLANG_WARN_DOCUMENTATION_COMMENTS = YES;
				CLANG_WARN_EMPTY_BODY = YES;
				CLANG_WARN_ENUM_CONVERSION = YES;
				CLANG_WARN_INFINITE_RECURSION = YES;
				CLANG_WARN_INT_CONVERSION = YES;
				CLANG_WARN_NON_LITERAL_NULL_CONVERSION = YES;
				CLANG_WARN_OBJC_IMPLICIT_RETAIN_SELF = YES;
				CLANG_WARN_OBJC_LITERAL_CONVERSION = YES;
				CLANG_WARN_OBJC_ROOT_CLASS = YES_ERROR;
				CLANG_WARN_QUOTED_INCLUDE_IN_FRAMEWORK_HEADER = YES;
				CLANG_WARN_RANGE_LOOP_ANALYSIS = YES;
				CLANG_WARN_STRICT_PROTOTYPES = YES;
				CLANG_WARN_SUSPICIOUS_MOVE = YES;
				CLANG_WARN_UNGUARDED_AVAILABILITY = YES_AGGRESSIVE;
				CLANG_WARN_UNREACHABLE_CODE = YES;
				CLANG_WARN__DUPLICATE_METHOD_MATCH = YES;
				COPY_PHASE_STRIP = NO;
				DEBUG_INFORMATION_FORMAT = "dwarf-with-dsym";
				ENABLE_NS_ASSERTIONS = NO;
				ENABLE_STRICT_OBJC_MSGSEND = YES;
				ENABLE_USER_SCRIPT_SANDBOXING = YES;
				GCC_C_LANGUAGE_STANDARD = gnu17;
				GCC_NO_COMMON_BLOCKS = YES;
				GCC_WARN_64_TO_32_BIT_CONVERSION = YES;
				GCC_WARN_ABOUT_RETURN_TYPE = YES_ERROR;
				GCC_WARN_UNDECLARED_SELECTOR = YES;
				GCC_WARN_UNINITIALIZED_AUTOS = YES_AGGRESSIVE;
				GCC_WARN_UNUSED_FUNCTION = YES;
				GCC_WARN_UNUSED_VARIABLE = YES;
				IPHONEOS_DEPLOYMENT_TARGET = 17.0;
				LOCALIZATION_PREFERS_STRING_CATALOGS = YES;
				MTL_ENABLE_DEBUG_INFO = NO;
				MTL_FAST_MATH = YES;
				SDKROOT = iphoneos;
				SWIFT_COMPILATION_MODE = wholemodule;
				VALIDATE_PRODUCT = YES;
			};
			name = Release;
		};
		0049D8902BC96B4900F59852 /* Debug */ = {
			isa = XCBuildConfiguration;
			buildSettings = {
				ASSETCATALOG_COMPILER_APPICON_NAME = AppIcon;
				ASSETCATALOG_COMPILER_GLOBAL_ACCENT_COLOR_NAME = AccentColor;
				CODE_SIGN_STYLE = Automatic;
				CURRENT_PROJECT_VERSION = 1;
				DEVELOPMENT_TEAM = 59V6NJY3X6;
				GENERATE_INFOPLIST_FILE = YES;
				INFOPLIST_FILE = PicPoint/Info.plist;
				INFOPLIST_KEY_UIApplicationSupportsIndirectInputEvents = YES;
				INFOPLIST_KEY_UILaunchStoryboardName = LaunchScreen;
				INFOPLIST_KEY_UIMainStoryboardFile = Main;
				INFOPLIST_KEY_UISupportedInterfaceOrientations = UIInterfaceOrientationPortrait;
				INFOPLIST_KEY_UISupportedInterfaceOrientations_iPad = "UIInterfaceOrientationLandscapeLeft UIInterfaceOrientationLandscapeRight UIInterfaceOrientationPortrait UIInterfaceOrientationPortraitUpsideDown";
				IPHONEOS_DEPLOYMENT_TARGET = 16.0;
				LD_RUNPATH_SEARCH_PATHS = (
					"$(inherited)",
					"@executable_path/Frameworks",
				);
				MARKETING_VERSION = 1.0;
				PRODUCT_BUNDLE_IDENTIFIER = com.constdreamcoder.PicPoint;
				PRODUCT_NAME = "$(TARGET_NAME)";
				SUPPORTED_PLATFORMS = "iphoneos iphonesimulator";
				SUPPORTS_MACCATALYST = NO;
				SUPPORTS_MAC_DESIGNED_FOR_IPHONE_IPAD = NO;
				SWIFT_EMIT_LOC_STRINGS = YES;
				SWIFT_VERSION = 5.0;
				TARGETED_DEVICE_FAMILY = 1;
			};
			name = Debug;
		};
		0049D8912BC96B4900F59852 /* Release */ = {
			isa = XCBuildConfiguration;
			buildSettings = {
				ASSETCATALOG_COMPILER_APPICON_NAME = AppIcon;
				ASSETCATALOG_COMPILER_GLOBAL_ACCENT_COLOR_NAME = AccentColor;
				CODE_SIGN_STYLE = Automatic;
				CURRENT_PROJECT_VERSION = 1;
				DEVELOPMENT_TEAM = 59V6NJY3X6;
				GENERATE_INFOPLIST_FILE = YES;
				INFOPLIST_FILE = PicPoint/Info.plist;
				INFOPLIST_KEY_UIApplicationSupportsIndirectInputEvents = YES;
				INFOPLIST_KEY_UILaunchStoryboardName = LaunchScreen;
				INFOPLIST_KEY_UIMainStoryboardFile = Main;
				INFOPLIST_KEY_UISupportedInterfaceOrientations = UIInterfaceOrientationPortrait;
				INFOPLIST_KEY_UISupportedInterfaceOrientations_iPad = "UIInterfaceOrientationLandscapeLeft UIInterfaceOrientationLandscapeRight UIInterfaceOrientationPortrait UIInterfaceOrientationPortraitUpsideDown";
				IPHONEOS_DEPLOYMENT_TARGET = 16.0;
				LD_RUNPATH_SEARCH_PATHS = (
					"$(inherited)",
					"@executable_path/Frameworks",
				);
				MARKETING_VERSION = 1.0;
				PRODUCT_BUNDLE_IDENTIFIER = com.constdreamcoder.PicPoint;
				PRODUCT_NAME = "$(TARGET_NAME)";
				SUPPORTED_PLATFORMS = "iphoneos iphonesimulator";
				SUPPORTS_MACCATALYST = NO;
				SUPPORTS_MAC_DESIGNED_FOR_IPHONE_IPAD = NO;
				SWIFT_EMIT_LOC_STRINGS = YES;
				SWIFT_VERSION = 5.0;
				TARGETED_DEVICE_FAMILY = 1;
			};
			name = Release;
		};
/* End XCBuildConfiguration section */

/* Begin XCConfigurationList section */
		0049D8762BC96B4800F59852 /* Build configuration list for PBXProject "PicPoint" */ = {
			isa = XCConfigurationList;
			buildConfigurations = (
				0049D88D2BC96B4900F59852 /* Debug */,
				0049D88E2BC96B4900F59852 /* Release */,
			);
			defaultConfigurationIsVisible = 0;
			defaultConfigurationName = Release;
		};
		0049D88F2BC96B4900F59852 /* Build configuration list for PBXNativeTarget "PicPoint" */ = {
			isa = XCConfigurationList;
			buildConfigurations = (
				0049D8902BC96B4900F59852 /* Debug */,
				0049D8912BC96B4900F59852 /* Release */,
			);
			defaultConfigurationIsVisible = 0;
			defaultConfigurationName = Release;
		};
/* End XCConfigurationList section */

/* Begin XCRemoteSwiftPackageReference section */
		00F65D352BCA16290027A897 /* XCRemoteSwiftPackageReference "Alamofire" */ = {
			isa = XCRemoteSwiftPackageReference;
			repositoryURL = "https://github.com/Alamofire/Alamofire.git";
			requirement = {
				kind = upToNextMajorVersion;
				minimumVersion = 5.9.1;
			};
		};
		00F65D382BCA167F0027A897 /* XCRemoteSwiftPackageReference "RxSwift" */ = {
			isa = XCRemoteSwiftPackageReference;
			repositoryURL = "https://github.com/ReactiveX/RxSwift";
			requirement = {
				kind = upToNextMajorVersion;
				minimumVersion = 6.6.0;
			};
		};
		00F65D3D2BCA176B0027A897 /* XCRemoteSwiftPackageReference "realm-swift" */ = {
			isa = XCRemoteSwiftPackageReference;
			repositoryURL = "https://github.com/realm/realm-swift.git";
			requirement = {
				kind = exactVersion;
				version = 10.49.1;
			};
		};
		00F65D422BCA178C0027A897 /* XCRemoteSwiftPackageReference "SnapKit" */ = {
			isa = XCRemoteSwiftPackageReference;
			repositoryURL = "https://github.com/SnapKit/SnapKit.git";
			requirement = {
				kind = upToNextMajorVersion;
				minimumVersion = 5.7.1;
			};
		};
/* End XCRemoteSwiftPackageReference section */

/* Begin XCSwiftPackageProductDependency section */
		00F65D362BCA16290027A897 /* Alamofire */ = {
			isa = XCSwiftPackageProductDependency;
			package = 00F65D352BCA16290027A897 /* XCRemoteSwiftPackageReference "Alamofire" */;
			productName = Alamofire;
		};
		00F65D392BCA167F0027A897 /* RxCocoa */ = {
			isa = XCSwiftPackageProductDependency;
			package = 00F65D382BCA167F0027A897 /* XCRemoteSwiftPackageReference "RxSwift" */;
			productName = RxCocoa;
		};
		00F65D3B2BCA167F0027A897 /* RxSwift */ = {
			isa = XCSwiftPackageProductDependency;
			package = 00F65D382BCA167F0027A897 /* XCRemoteSwiftPackageReference "RxSwift" */;
			productName = RxSwift;
		};
		00F65D3E2BCA176B0027A897 /* Realm */ = {
			isa = XCSwiftPackageProductDependency;
			package = 00F65D3D2BCA176B0027A897 /* XCRemoteSwiftPackageReference "realm-swift" */;
			productName = Realm;
		};
		00F65D402BCA176B0027A897 /* RealmSwift */ = {
			isa = XCSwiftPackageProductDependency;
			package = 00F65D3D2BCA176B0027A897 /* XCRemoteSwiftPackageReference "realm-swift" */;
			productName = RealmSwift;
		};
		00F65D432BCA178C0027A897 /* SnapKit */ = {
			isa = XCSwiftPackageProductDependency;
			package = 00F65D422BCA178C0027A897 /* XCRemoteSwiftPackageReference "SnapKit" */;
			productName = SnapKit;
		};
/* End XCSwiftPackageProductDependency section */
	};
	rootObject = 0049D8732BC96B4800F59852 /* Project object */;
}
